
Microsoft Visual Studio Solution File, Format Version 12.00
# Visual Studio 2013
VisualStudioVersion = 12.0.31101.0
MinimumVisualStudioVersion = 10.0.40219.1
Project("{FAE04EC0-301F-11D3-BF4B-00C04F79EFBC}") = "SensorReader", "SensorReader.csproj", "{F6B588B5-C4A1-4983-A272-2635A27832A2}"
EndProject
Project("{FAE04EC0-301F-11D3-BF4B-00C04F79EFBC}") = "measurements", "measurements\measurements.csproj", "{9EB448BB-488D-412C-803D-5607D274A724}"
EndProject
Project("{FAE04EC0-301F-11D3-BF4B-00C04F79EFBC}") = "UnitTests", "UnitTests\UnitTests.csproj", "{2EAC19DA-B2AD-4262-9343-7F83422C81F8}"
EndProject
Project("{2150E333-8FDC-42A3-9474-1A3956D46DE8}") = ".nuget", ".nuget", "{575D3D65-7CEB-47D3-871D-8289FF1DD3C1}"
	ProjectSection(SolutionItems) = preProject
		.nuget\NuGet.Config = .nuget\NuGet.Config
		.nuget\NuGet.exe = .nuget\NuGet.exe
		.nuget\NuGet.targets = .nuget\NuGet.targets
	EndProjectSection
EndProject
Project("{FAE04EC0-301F-11D3-BF4B-00C04F79EFBC}") = "WorkingTimePercentageCalculator", "WorkingTimePercentageCalculator\WorkingTimePercentageCalculator.csproj", "{D3543069-B6D0-489B-821E-DC769047BEC8}"
EndProject
Project("{FAE04EC0-301F-11D3-BF4B-00C04F79EFBC}") = "ThingSpeakDotNet", "thingspeak-.net-library\ThingSpeakDotNet\ThingSpeakDotNet.csproj", "{34FCC401-7E09-4C5C-830E-F1496FFA0C0C}"
EndProject
Global
	GlobalSection(SolutionConfigurationPlatforms) = preSolution
		Debug|Any CPU = Debug|Any CPU
		Release|Any CPU = Release|Any CPU
	EndGlobalSection
	GlobalSection(ProjectConfigurationPlatforms) = postSolution
		{F6B588B5-C4A1-4983-A272-2635A27832A2}.Debug|Any CPU.ActiveCfg = Debug|Any CPU
		{F6B588B5-C4A1-4983-A272-2635A27832A2}.Debug|Any CPU.Build.0 = Debug|Any CPU
		{F6B588B5-C4A1-4983-A272-2635A27832A2}.Release|Any CPU.ActiveCfg = Release|Any CPU
		{F6B588B5-C4A1-4983-A272-2635A27832A2}.Release|Any CPU.Build.0 = Release|Any CPU
		{9EB448BB-488D-412C-803D-5607D274A724}.Debug|Any CPU.ActiveCfg = Debug|Any CPU
		{9EB448BB-488D-412C-803D-5607D274A724}.Debug|Any CPU.Build.0 = Debug|Any CPU
		{9EB448BB-488D-412C-803D-5607D274A724}.Release|Any CPU.ActiveCfg = Release|Any CPU
		{9EB448BB-488D-412C-803D-5607D274A724}.Release|Any CPU.Build.0 = Release|Any CPU
		{2EAC19DA-B2AD-4262-9343-7F83422C81F8}.Debug|Any CPU.ActiveCfg = Debug|Any CPU
		{2EAC19DA-B2AD-4262-9343-7F83422C81F8}.Debug|Any CPU.Build.0 = Debug|Any CPU
		{2EAC19DA-B2AD-4262-9343-7F83422C81F8}.Release|Any CPU.ActiveCfg = Release|Any CPU
		{2EAC19DA-B2AD-4262-9343-7F83422C81F8}.Release|Any CPU.Build.0 = Release|Any CPU
		{D3543069-B6D0-489B-821E-DC769047BEC8}.Debug|Any CPU.ActiveCfg = Debug|Any CPU
		{D3543069-B6D0-489B-821E-DC769047BEC8}.Debug|Any CPU.Build.0 = Debug|Any CPU
		{D3543069-B6D0-489B-821E-DC769047BEC8}.Release|Any CPU.ActiveCfg = Release|Any CPU
		{D3543069-B6D0-489B-821E-DC769047BEC8}.Release|Any CPU.Build.0 = Release|Any CPU
		{34FCC401-7E09-4C5C-830E-F1496FFA0C0C}.Debug|Any CPU.ActiveCfg = Debug|Any CPU
		{34FCC401-7E09-4C5C-830E-F1496FFA0C0C}.Debug|Any CPU.Build.0 = Debug|Any CPU
		{34FCC401-7E09-4C5C-830E-F1496FFA0C0C}.Release|Any CPU.ActiveCfg = Release|Any CPU
		{34FCC401-7E09-4C5C-830E-F1496FFA0C0C}.Release|Any CPU.Build.0 = Release|Any CPU
	EndGlobalSection
	GlobalSection(SolutionProperties) = preSolution
		HideSolutionNode = FALSE
	EndGlobalSection
EndGlobal
